PODS:
  - Alamofire (4.6.0)
  - HandyJSON (5.0.0-beta)
  - SwiftyJSON (4.2.0)

DEPENDENCIES:
  - Alamofire (~> 4.6.0)
  - HandyJSON (~> 5.0.0-beta)
  - SwiftyJSON (~> 4.2.0)

SPEC REPOS:
  https://github.com/cocoapods/specs.git:
    - Alamofire
    - HandyJSON
    - SwiftyJSON

SPEC CHECKSUMS:
  Alamofire: f41a599bd63041760b26d393ec1069d9d7b917f4
  HandyJSON: b84ac9904050a0897a0802092b7cb8808e0a4e9a
  SwiftyJSON: c4bcba26dd9ec7a027fc8eade48e2c911f229e96

PODFILE CHECKSUM: d5c6e08bc23cbc68caa0dc54670006193bfc4dc0

COCOAPODS: 1.5.3
