// !$*UTF8*$!
{
	archiveVersion = 1;
	classes = {
	};
	objectVersion = 48;
	objects = {

/* Begin PBXBuildFile section */
		268627A0201ECBBC002F610E /* SnapKitVC.swift in Sources */ = {isa = PBXBuildFile; fileRef = 2686279F201ECBBC002F610E /* SnapKitVC.swift */; };
		268627A2201ECFC9002F610E /* SnapLoginView.swift in Sources */ = {isa = PBXBuildFile; fileRef = 268627A1201ECFC9002F610E /* SnapLoginView.swift */; };
		269B290B21421F0B00CCC515 /* CustomItem.swift in Sources */ = {isa = PBXBuildFile; fileRef = 269B290A21421F0B00CCC515 /* CustomItem.swift */; };
		269B290D2142535700CCC515 /* CollectionReusableHeaderView.swift in Sources */ = {isa = PBXBuildFile; fileRef = 269B290C2142535700CCC515 /* CollectionReusableHeaderView.swift */; };
		463CC6AB200084DB00C782E5 /* AppDelegate.swift in Sources */ = {isa = PBXBuildFile; fileRef = 463CC6AA200084DB00C782E5 /* AppDelegate.swift */; };
		463CC6AD200084DB00C782E5 /* ViewController.swift in Sources */ = {isa = PBXBuildFile; fileRef = 463CC6AC200084DB00C782E5 /* ViewController.swift */; };
		463CC6B0200084DB00C782E5 /* Main.storyboard in Resources */ = {isa = PBXBuildFile; fileRef = 463CC6AE200084DB00C782E5 /* Main.storyboard */; };
		463CC6B2200084DB00C782E5 /* Assets.xcassets in Resources */ = {isa = PBXBuildFile; fileRef = 463CC6B1200084DB00C782E5 /* Assets.xcassets */; };
		463CC6B5200084DB00C782E5 /* LaunchScreen.storyboard in Resources */ = {isa = PBXBuildFile; fileRef = 463CC6B3200084DB00C782E5 /* LaunchScreen.storyboard */; };
		463CC6C62000973600C782E5 /* QQTableViewVC.swift in Sources */ = {isa = PBXBuildFile; fileRef = 463CC6C52000973600C782E5 /* QQTableViewVC.swift */; };
		463CC6C82000975200C782E5 /* FlowCollectionVC.swift in Sources */ = {isa = PBXBuildFile; fileRef = 463CC6C72000975200C782E5 /* FlowCollectionVC.swift */; };
		463CC6CA2000976700C782E5 /* DatePickViewVC.swift in Sources */ = {isa = PBXBuildFile; fileRef = 463CC6C92000976700C782E5 /* DatePickViewVC.swift */; };
		EA45F079FEFE6EE5DA56A66F /* Pods_SwiftUIDemo.framework in Frameworks */ = {isa = PBXBuildFile; fileRef = 5962911BB51AEE5E7A507C7C /* Pods_SwiftUIDemo.framework */; };
/* End PBXBuildFile section */

/* Begin PBXFileReference section */
		13DBB8F1CF67D760B45E60D1 /* Pods-SwiftUIDemo.debug.xcconfig */ = {isa = PBXFileReference; includeInIndex = 1; lastKnownFileType = text.xcconfig; name = "Pods-SwiftUIDemo.debug.xcconfig"; path = "Pods/Target Support Files/Pods-SwiftUIDemo/Pods-SwiftUIDemo.debug.xcconfig"; sourceTree = "<group>"; };
		2686279F201ECBBC002F610E /* SnapKitVC.swift */ = {isa = PBXFileReference; lastKnownFileType = sourcecode.swift; path = SnapKitVC.swift; sourceTree = "<group>"; };
		268627A1201ECFC9002F610E /* SnapLoginView.swift */ = {isa = PBXFileReference; lastKnownFileType = sourcecode.swift; path = SnapLoginView.swift; sourceTree = "<group>"; };
		269B290A21421F0B00CCC515 /* CustomItem.swift */ = {isa = PBXFileReference; lastKnownFileType = sourcecode.swift; path = CustomItem.swift; sourceTree = "<group>"; };
		269B290C2142535700CCC515 /* CollectionReusableHeaderView.swift */ = {isa = PBXFileReference; lastKnownFileType = sourcecode.swift; path = CollectionReusableHeaderView.swift; sourceTree = "<group>"; };
		463CC6A7200084DB00C782E5 /* SwiftUIDemo.app */ = {isa = PBXFileReference; explicitFileType = wrapper.application; includeInIndex = 0; path = SwiftUIDemo.app; sourceTree = BUILT_PRODUCTS_DIR; };
		463CC6AA200084DB00C782E5 /* AppDelegate.swift */ = {isa = PBXFileReference; lastKnownFileType = sourcecode.swift; path = AppDelegate.swift; sourceTree = "<group>"; };
		463CC6AC200084DB00C782E5 /* ViewController.swift */ = {isa = PBXFileReference; lastKnownFileType = sourcecode.swift; path = ViewController.swift; sourceTree = "<group>"; };
		463CC6AF200084DB00C782E5 /* Base */ = {isa = PBXFileReference; lastKnownFileType = file.storyboard; name = Base; path = Base.lproj/Main.storyboard; sourceTree = "<group>"; };
		463CC6B1200084DB00C782E5 /* Assets.xcassets */ = {isa = PBXFileReference; lastKnownFileType = folder.assetcatalog; path = Assets.xcassets; sourceTree = "<group>"; };
		463CC6B4200084DB00C782E5 /* Base */ = {isa = PBXFileReference; lastKnownFileType = file.storyboard; name = Base; path = Base.lproj/LaunchScreen.storyboard; sourceTree = "<group>"; };
		463CC6B6200084DB00C782E5 /* Info.plist */ = {isa = PBXFileReference; lastKnownFileType = text.plist.xml; path = Info.plist; sourceTree = "<group>"; };
		463CC6C52000973600C782E5 /* QQTableViewVC.swift */ = {isa = PBXFileReference; lastKnownFileType = sourcecode.swift; path = QQTableViewVC.swift; sourceTree = "<group>"; };
		463CC6C72000975200C782E5 /* FlowCollectionVC.swift */ = {isa = PBXFileReference; lastKnownFileType = sourcecode.swift; path = FlowCollectionVC.swift; sourceTree = "<group>"; };
		463CC6C92000976700C782E5 /* DatePickViewVC.swift */ = {isa = PBXFileReference; lastKnownFileType = sourcecode.swift; path = DatePickViewVC.swift; sourceTree = "<group>"; };
		5962911BB51AEE5E7A507C7C /* Pods_SwiftUIDemo.framework */ = {isa = PBXFileReference; explicitFileType = wrapper.framework; includeInIndex = 0; path = Pods_SwiftUIDemo.framework; sourceTree = BUILT_PRODUCTS_DIR; };
		F0F5FF97F50E152451DE5793 /* Pods-SwiftUIDemo.release.xcconfig */ = {isa = PBXFileReference; includeInIndex = 1; lastKnownFileType = text.xcconfig; name = "Pods-SwiftUIDemo.release.xcconfig"; path = "Pods/Target Support Files/Pods-SwiftUIDemo/Pods-SwiftUIDemo.release.xcconfig"; sourceTree = "<group>"; };
/* End PBXFileReference section */

/* Begin PBXFrameworksBuildPhase section */
		463CC6A4200084DB00C782E5 /* Frameworks */ = {
			isa = PBXFrameworksBuildPhase;
			buildActionMask = 2147483647;
			files = (
				EA45F079FEFE6EE5DA56A66F /* Pods_SwiftUIDemo.framework in Frameworks */,
			);
			runOnlyForDeploymentPostprocessing = 0;
		};
/* End PBXFrameworksBuildPhase section */

/* Begin PBXGroup section */
		02259513E18FCF279FA54125 /* Frameworks */ = {
			isa = PBXGroup;
			children = (
				5962911BB51AEE5E7A507C7C /* Pods_SwiftUIDemo.framework */,
			);
			name = Frameworks;
			sourceTree = "<group>";
		};
		2686279E201ECB41002F610E /* SnapKitVC */ = {
			isa = PBXGroup;
			children = (
				2686279F201ECBBC002F610E /* SnapKitVC.swift */,
				268627A1201ECFC9002F610E /* SnapLoginView.swift */,
			);
			path = SnapKitVC;
			sourceTree = "<group>";
		};
		463CC69E200084DA00C782E5 = {
			isa = PBXGroup;
			children = (
				463CC6A9200084DB00C782E5 /* SwiftUIDemo */,
				463CC6A8200084DB00C782E5 /* Products */,
				4BDCB5BD22D3E83BEC291BE0 /* Pods */,
				02259513E18FCF279FA54125 /* Frameworks */,
			);
			sourceTree = "<group>";
		};
		463CC6A8200084DB00C782E5 /* Products */ = {
			isa = PBXGroup;
			children = (
				463CC6A7200084DB00C782E5 /* SwiftUIDemo.app */,
			);
			name = Products;
			sourceTree = "<group>";
		};
		463CC6A9200084DB00C782E5 /* SwiftUIDemo */ = {
			isa = PBXGroup;
			children = (
				2686279E201ECB41002F610E /* SnapKitVC */,
				463CC6BC2000936100C782E5 /* SimpleCollectionView */,
				463CC6BD2000936100C782E5 /* SimplePickView */,
				463CC6BE2000936100C782E5 /* SimpleTableView */,
				463CC6AA200084DB00C782E5 /* AppDelegate.swift */,
				463CC6AC200084DB00C782E5 /* ViewController.swift */,
				463CC6AE200084DB00C782E5 /* Main.storyboard */,
				463CC6B1200084DB00C782E5 /* Assets.xcassets */,
				463CC6B3200084DB00C782E5 /* LaunchScreen.storyboard */,
				463CC6B6200084DB00C782E5 /* Info.plist */,
			);
			path = SwiftUIDemo;
			sourceTree = "<group>";
		};
		463CC6BC2000936100C782E5 /* SimpleCollectionView */ = {
			isa = PBXGroup;
			children = (
				463CC6C72000975200C782E5 /* FlowCollectionVC.swift */,
				269B290A21421F0B00CCC515 /* CustomItem.swift */,
				269B290C2142535700CCC515 /* CollectionReusableHeaderView.swift */,
			);
			path = SimpleCollectionView;
			sourceTree = "<group>";
		};
		463CC6BD2000936100C782E5 /* SimplePickView */ = {
			isa = PBXGroup;
			children = (
				463CC6C92000976700C782E5 /* DatePickViewVC.swift */,
			);
			path = SimplePickView;
			sourceTree = "<group>";
		};
		463CC6BE2000936100C782E5 /* SimpleTableView */ = {
			isa = PBXGroup;
			children = (
				463CC6C52000973600C782E5 /* QQTableViewVC.swift */,
			);
			path = SimpleTableView;
			sourceTree = "<group>";
		};
		4BDCB5BD22D3E83BEC291BE0 /* Pods */ = {
			isa = PBXGroup;
			children = (
				13DBB8F1CF67D760B45E60D1 /* Pods-SwiftUIDemo.debug.xcconfig */,
				F0F5FF97F50E152451DE5793 /* Pods-SwiftUIDemo.release.xcconfig */,
			);
			name = Pods;
			sourceTree = "<group>";
		};
/* End PBXGroup section */

/* Begin PBXNativeTarget section */
		463CC6A6200084DB00C782E5 /* SwiftUIDemo */ = {
			isa = PBXNativeTarget;
			buildConfigurationList = 463CC6B9200084DB00C782E5 /* Build configuration list for PBXNativeTarget "SwiftUIDemo" */;
			buildPhases = (
				21D9CCAE72DFC28092625C66 /* [CP] Check Pods Manifest.lock */,
				463CC6A3200084DB00C782E5 /* Sources */,
				463CC6A4200084DB00C782E5 /* Frameworks */,
				463CC6A5200084DB00C782E5 /* Resources */,
				9FE6A1C97658C24311CC2E03 /* [CP] Embed Pods Frameworks */,
				4A4F8FD33299094AFE141803 /* [CP] Copy Pods Resources */,
			);
			buildRules = (
			);
			dependencies = (
			);
			name = SwiftUIDemo;
			productName = SwiftUIDemo;
			productReference = 463CC6A7200084DB00C782E5 /* SwiftUIDemo.app */;
			productType = "com.apple.product-type.application";
		};
/* End PBXNativeTarget section */

/* Begin PBXProject section */
		463CC69F200084DA00C782E5 /* Project object */ = {
			isa = PBXProject;
			attributes = {
				LastSwiftUpdateCheck = 0920;
				LastUpgradeCheck = 0920;
				ORGANIZATIONNAME = ZhiXing;
				TargetAttributes = {
					463CC6A6200084DB00C782E5 = {
						CreatedOnToolsVersion = 9.2;
						ProvisioningStyle = Automatic;
					};
				};
			};
			buildConfigurationList = 463CC6A2200084DA00C782E5 /* Build configuration list for PBXProject "SwiftUIDemo" */;
			compatibilityVersion = "Xcode 8.0";
			developmentRegion = en;
			hasScannedForEncodings = 0;
			knownRegions = (
				en,
				Base,
			);
			mainGroup = 463CC69E200084DA00C782E5;
			productRefGroup = 463CC6A8200084DB00C782E5 /* Products */;
			projectDirPath = "";
			projectRoot = "";
			targets = (
				463CC6A6200084DB00C782E5 /* SwiftUIDemo */,
			);
		};
/* End PBXProject section */

/* Begin PBXResourcesBuildPhase section */
		463CC6A5200084DB00C782E5 /* Resources */ = {
			isa = PBXResourcesBuildPhase;
			buildActionMask = 2147483647;
			files = (
				463CC6B5200084DB00C782E5 /* LaunchScreen.storyboard in Resources */,
				463CC6B2200084DB00C782E5 /* Assets.xcassets in Resources */,
				463CC6B0200084DB00C782E5 /* Main.storyboard in Resources */,
			);
			runOnlyForDeploymentPostprocessing = 0;
		};
/* End PBXResourcesBuildPhase section */

/* Begin PBXShellScriptBuildPhase section */
		21D9CCAE72DFC28092625C66 /* [CP] Check Pods Manifest.lock */ = {
			isa = PBXShellScriptBuildPhase;
			buildActionMask = 2147483647;
			files = (
			);
			inputPaths = (
				"${PODS_PODFILE_DIR_PATH}/Podfile.lock",
				"${PODS_ROOT}/Manifest.lock",
			);
			name = "[CP] Check Pods Manifest.lock";
			outputPaths = (
				"$(DERIVED_FILE_DIR)/Pods-SwiftUIDemo-checkManifestLockResult.txt",
			);
			runOnlyForDeploymentPostprocessing = 0;
			shellPath = /bin/sh;
			shellScript = "diff \"${PODS_PODFILE_DIR_PATH}/Podfile.lock\" \"${PODS_ROOT}/Manifest.lock\" > /dev/null\nif [ $? != 0 ] ; then\n    # print error to STDERR\n    echo \"error: The sandbox is not in sync with the Podfile.lock. Run 'pod install' or update your CocoaPods installation.\" >&2\n    exit 1\nfi\n# This output is used by Xcode 'outputs' to avoid re-running this script phase.\necho \"SUCCESS\" > \"${SCRIPT_OUTPUT_FILE_0}\"\n";
			showEnvVarsInLog = 0;
		};
		4A4F8FD33299094AFE141803 /* [CP] Copy Pods Resources */ = {
			isa = PBXShellScriptBuildPhase;
			buildActionMask = 2147483647;
			files = (
			);
			inputPaths = (
			);
			name = "[CP] Copy Pods Resources";
			outputPaths = (
			);
			runOnlyForDeploymentPostprocessing = 0;
			shellPath = /bin/sh;
			shellScript = "\"${SRCROOT}/Pods/Target Support Files/Pods-SwiftUIDemo/Pods-SwiftUIDemo-resources.sh\"\n";
			showEnvVarsInLog = 0;
		};
		9FE6A1C97658C24311CC2E03 /* [CP] Embed Pods Frameworks */ = {
			isa = PBXShellScriptBuildPhase;
			buildActionMask = 2147483647;
			files = (
			);
			inputPaths = (
				"${SRCROOT}/Pods/Target Support Files/Pods-SwiftUIDemo/Pods-SwiftUIDemo-frameworks.sh",
				"${BUILT_PRODUCTS_DIR}/SnapKit/SnapKit.framework",
			);
			name = "[CP] Embed Pods Frameworks";
			outputPaths = (
				"${TARGET_BUILD_DIR}/${FRAMEWORKS_FOLDER_PATH}/SnapKit.framework",
			);
			runOnlyForDeploymentPostprocessing = 0;
			shellPath = /bin/sh;
			shellScript = "\"${SRCROOT}/Pods/Target Support Files/Pods-SwiftUIDemo/Pods-SwiftUIDemo-frameworks.sh\"\n";
			showEnvVarsInLog = 0;
		};
/* End PBXShellScriptBuildPhase section */

/* Begin PBXSourcesBuildPhase section */
		463CC6A3200084DB00C782E5 /* Sources */ = {
			isa = PBXSourcesBuildPhase;
			buildActionMask = 2147483647;
			files = (
				463CC6C62000973600C782E5 /* QQTableViewVC.swift in Sources */,
				463CC6AD200084DB00C782E5 /* ViewController.swift in Sources */,
				463CC6C82000975200C782E5 /* FlowCollectionVC.swift in Sources */,
				269B290D2142535700CCC515 /* CollectionReusableHeaderView.swift in Sources */,
				268627A0201ECBBC002F610E /* SnapKitVC.swift in Sources */,
				268627A2201ECFC9002F610E /* SnapLoginView.swift in Sources */,
				269B290B21421F0B00CCC515 /* CustomItem.swift in Sources */,
				463CC6CA2000976700C782E5 /* DatePickViewVC.swift in Sources */,
				463CC6AB200084DB00C782E5 /* AppDelegate.swift in Sources */,
			);
			runOnlyForDeploymentPostprocessing = 0;
		};
/* End PBXSourcesBuildPhase section */

/* Begin PBXVariantGroup section */
		463CC6AE200084DB00C782E5 /* Main.storyboard */ = {
			isa = PBXVariantGroup;
			children = (
				463CC6AF200084DB00C782E5 /* Base */,
			);
			name = Main.storyboard;
			sourceTree = "<group>";
		};
		463CC6B3200084DB00C782E5 /* LaunchScreen.storyboard */ = {
			isa = PBXVariantGroup;
			children = (
				463CC6B4200084DB00C782E5 /* Base */,
			);
			name = LaunchScreen.storyboard;
			sourceTree = "<group>";
		};
/* End PBXVariantGroup section */

/* Begin XCBuildConfiguration section */
		463CC6B7200084DB00C782E5 /* Debug */ = {
			isa = XCBuildConfiguration;
			buildSettings = {
				ALWAYS_SEARCH_USER_PATHS = NO;
				CLANG_ANALYZER_NONNULL = YES;
				CLANG_ANALYZER_NUMBER_OBJECT_CONVERSION = YES_AGGRESSIVE;
				CLANG_CXX_LANGUAGE_STANDARD = "gnu++14";
				CLANG_CXX_LIBRARY = "libc++";
				CLANG_ENABLE_MODULES = YES;
				CLANG_ENABLE_OBJC_ARC = YES;
				CLANG_WARN_BLOCK_CAPTURE_AUTORELEASING = YES;
				CLANG_WARN_BOOL_CONVERSION = YES;
				CLANG_WARN_COMMA = YES;
				CLANG_WARN_CONSTANT_CONVERSION = YES;
				CLANG_WARN_DIRECT_OBJC_ISA_USAGE = YES_ERROR;
				CLANG_WARN_DOCUMENTATION_COMMENTS = YES;
				CLANG_WARN_EMPTY_BODY = YES;
				CLANG_WARN_ENUM_CONVERSION = YES;
				CLANG_WARN_INFINITE_RECURSION = YES;
				CLANG_WARN_INT_CONVERSION = YES;
				CLANG_WARN_NON_LITERAL_NULL_CONVERSION = YES;
				CLANG_WARN_OBJC_LITERAL_CONVERSION = YES;
				CLANG_WARN_OBJC_ROOT_CLASS = YES_ERROR;
				CLANG_WARN_RANGE_LOOP_ANALYSIS = YES;
				CLANG_WARN_STRICT_PROTOTYPES = YES;
				CLANG_WARN_SUSPICIOUS_MOVE = YES;
				CLANG_WARN_UNGUARDED_AVAILABILITY = YES_AGGRESSIVE;
				CLANG_WARN_UNREACHABLE_CODE = YES;
				CLANG_WARN__DUPLICATE_METHOD_MATCH = YES;
				CODE_SIGN_IDENTITY = "iPhone Developer";
				COPY_PHASE_STRIP = NO;
				DEBUG_INFORMATION_FORMAT = dwarf;
				ENABLE_STRICT_OBJC_MSGSEND = YES;
				ENABLE_TESTABILITY = YES;
				GCC_C_LANGUAGE_STANDARD = gnu11;
				GCC_DYNAMIC_NO_PIC = NO;
				GCC_NO_COMMON_BLOCKS = YES;
				GCC_OPTIMIZATION_LEVEL = 0;
				GCC_PREPROCESSOR_DEFINITIONS = (
					"DEBUG=1",
					"$(inherited)",
				);
				GCC_WARN_64_TO_32_BIT_CONVERSION = YES;
				GCC_WARN_ABOUT_RETURN_TYPE = YES_ERROR;
				GCC_WARN_UNDECLARED_SELECTOR = YES;
				GCC_WARN_UNINITIALIZED_AUTOS = YES_AGGRESSIVE;
				GCC_WARN_UNUSED_FUNCTION = YES;
				GCC_WARN_UNUSED_VARIABLE = YES;
				IPHONEOS_DEPLOYMENT_TARGET = 11.2;
				MTL_ENABLE_DEBUG_INFO = YES;
				ONLY_ACTIVE_ARCH = YES;
				SDKROOT = iphoneos;
				SWIFT_ACTIVE_COMPILATION_CONDITIONS = DEBUG;
				SWIFT_OPTIMIZATION_LEVEL = "-Onone";
			};
			name = Debug;
		};
		463CC6B8200084DB00C782E5 /* Release */ = {
			isa = XCBuildConfiguration;
			buildSettings = {
				ALWAYS_SEARCH_USER_PATHS = NO;
				CLANG_ANALYZER_NONNULL = YES;
				CLANG_ANALYZER_NUMBER_OBJECT_CONVERSION = YES_AGGRESSIVE;
				CLANG_CXX_LANGUAGE_STANDARD = "gnu++14";
				CLANG_CXX_LIBRARY = "libc++";
				CLANG_ENABLE_MODULES = YES;
				CLANG_ENABLE_OBJC_ARC = YES;
				CLANG_WARN_BLOCK_CAPTURE_AUTORELEASING = YES;
				CLANG_WARN_BOOL_CONVERSION = YES;
				CLANG_WARN_COMMA = YES;
				CLANG_WARN_CONSTANT_CONVERSION = YES;
				CLANG_WARN_DIRECT_OBJC_ISA_USAGE = YES_ERROR;
				CLANG_WARN_DOCUMENTATION_COMMENTS = YES;
				CLANG_WARN_EMPTY_BODY = YES;
				CLANG_WARN_ENUM_CONVERSION = YES;
				CLANG_WARN_INFINITE_RECURSION = YES;
				CLANG_WARN_INT_CONVERSION = YES;
				CLANG_WARN_NON_LITERAL_NULL_CONVERSION = YES;
				CLANG_WARN_OBJC_LITERAL_CONVERSION = YES;
				CLANG_WARN_OBJC_ROOT_CLASS = YES_ERROR;
				CLANG_WARN_RANGE_LOOP_ANALYSIS = YES;
				CLANG_WARN_STRICT_PROTOTYPES = YES;
				CLANG_WARN_SUSPICIOUS_MOVE = YES;
				CLANG_WARN_UNGUARDED_AVAILABILITY = YES_AGGRESSIVE;
				CLANG_WARN_UNREACHABLE_CODE = YES;
				CLANG_WARN__DUPLICATE_METHOD_MATCH = YES;
				CODE_SIGN_IDENTITY = "iPhone Developer";
				COPY_PHASE_STRIP = NO;
				DEBUG_INFORMATION_FORMAT = "dwarf-with-dsym";
				ENABLE_NS_ASSERTIONS = NO;
				ENABLE_STRICT_OBJC_MSGSEND = YES;
				GCC_C_LANGUAGE_STANDARD = gnu11;
				GCC_NO_COMMON_BLOCKS = YES;
				GCC_WARN_64_TO_32_BIT_CONVERSION = YES;
				GCC_WARN_ABOUT_RETURN_TYPE = YES_ERROR;
				GCC_WARN_UNDECLARED_SELECTOR = YES;
				GCC_WARN_UNINITIALIZED_AUTOS = YES_AGGRESSIVE;
				GCC_WARN_UNUSED_FUNCTION = YES;
				GCC_WARN_UNUSED_VARIABLE = YES;
				IPHONEOS_DEPLOYMENT_TARGET = 11.2;
				MTL_ENABLE_DEBUG_INFO = NO;
				SDKROOT = iphoneos;
				SWIFT_OPTIMIZATION_LEVEL = "-Owholemodule";
				VALIDATE_PRODUCT = YES;
			};
			name = Release;
		};
		463CC6BA200084DB00C782E5 /* Debug */ = {
			isa = XCBuildConfiguration;
			baseConfigurationReference = 13DBB8F1CF67D760B45E60D1 /* Pods-SwiftUIDemo.debug.xcconfig */;
			buildSettings = {
				ASSETCATALOG_COMPILER_APPICON_NAME = AppIcon;
				CODE_SIGN_IDENTITY = "iPhone Developer";
				CODE_SIGN_STYLE = Automatic;
				DEVELOPMENT_TEAM = JA7UMD99EC;
				INFOPLIST_FILE = SwiftUIDemo/Info.plist;
				IPHONEOS_DEPLOYMENT_TARGET = 10.0;
				LD_RUNPATH_SEARCH_PATHS = "$(inherited) @executable_path/Frameworks";
				PRODUCT_BUNDLE_IDENTIFIER = com.hinabian.hainabian;
				PRODUCT_NAME = "$(TARGET_NAME)";
				PROVISIONING_PROFILE_SPECIFIER = "";
				SWIFT_VERSION = 4.0;
				TARGETED_DEVICE_FAMILY = 1;
			};
			name = Debug;
		};
		463CC6BB200084DB00C782E5 /* Release */ = {
			isa = XCBuildConfiguration;
			baseConfigurationReference = F0F5FF97F50E152451DE5793 /* Pods-SwiftUIDemo.release.xcconfig */;
			buildSettings = {
				ASSETCATALOG_COMPILER_APPICON_NAME = AppIcon;
				CODE_SIGN_IDENTITY = "iPhone Developer";
				CODE_SIGN_STYLE = Automatic;
				DEVELOPMENT_TEAM = JA7UMD99EC;
				INFOPLIST_FILE = SwiftUIDemo/Info.plist;
				IPHONEOS_DEPLOYMENT_TARGET = 10.0;
				LD_RUNPATH_SEARCH_PATHS = "$(inherited) @executable_path/Frameworks";
				PRODUCT_BUNDLE_IDENTIFIER = com.hinabian.hainabian;
				PRODUCT_NAME = "$(TARGET_NAME)";
				PROVISIONING_PROFILE_SPECIFIER = "";
				SWIFT_VERSION = 4.0;
				TARGETED_DEVICE_FAMILY = 1;
			};
			name = Release;
		};
/* End XCBuildConfiguration section */

/* Begin XCConfigurationList section */
		463CC6A2200084DA00C782E5 /* Build configuration list for PBXProject "SwiftUIDemo" */ = {
			isa = XCConfigurationList;
			buildConfigurations = (
				463CC6B7200084DB00C782E5 /* Debug */,
				463CC6B8200084DB00C782E5 /* Release */,
			);
			defaultConfigurationIsVisible = 0;
			defaultConfigurationName = Release;
		};
		463CC6B9200084DB00C782E5 /* Build configuration list for PBXNativeTarget "SwiftUIDemo" */ = {
			isa = XCConfigurationList;
			buildConfigurations = (
				463CC6BA200084DB00C782E5 /* Debug */,
				463CC6BB200084DB00C782E5 /* Release */,
			);
			defaultConfigurationIsVisible = 0;
			defaultConfigurationName = Release;
		};
/* End XCConfigurationList section */
	};
	rootObject = 463CC69F200084DA00C782E5 /* Project object */;
}
