// !$*UTF8*$!
{
	archiveVersion = 1;
	classes = {
	};
	objectVersion = 46;
	objects = {

/* Begin PBXBuildFile section */
		26A04ECB1FC6E50100994DC9 /* MainTabBarVC.swift in Sources */ = {isa = PBXBuildFile; fileRef = 26A04ECA1FC6E50100994DC9 /* MainTabBarVC.swift */; };
		26A04ECD1FC6E54A00994DC9 /* HomePageSB.storyboard in Resources */ = {isa = PBXBuildFile; fileRef = 26A04ECC1FC6E54A00994DC9 /* HomePageSB.storyboard */; };
		26A04ECF1FC6E55C00994DC9 /* UserCenterSB.storyboard in Resources */ = {isa = PBXBuildFile; fileRef = 26A04ECE1FC6E55C00994DC9 /* UserCenterSB.storyboard */; };
		46BDC79E1FC5BD33009B87E8 /* AppDelegate.swift in Sources */ = {isa = PBXBuildFile; fileRef = 46BDC79D1FC5BD33009B87E8 /* AppDelegate.swift */; };
		46BDC7A01FC5BD33009B87E8 /* ViewController.swift in Sources */ = {isa = PBXBuildFile; fileRef = 46BDC79F1FC5BD33009B87E8 /* ViewController.swift */; };
		46BDC7A31FC5BD33009B87E8 /* Main.storyboard in Resources */ = {isa = PBXBuildFile; fileRef = 46BDC7A11FC5BD33009B87E8 /* Main.storyboard */; };
		46BDC7A51FC5BD33009B87E8 /* Assets.xcassets in Resources */ = {isa = PBXBuildFile; fileRef = 46BDC7A41FC5BD33009B87E8 /* Assets.xcassets */; };
		46BDC7A81FC5BD33009B87E8 /* LaunchScreen.storyboard in Resources */ = {isa = PBXBuildFile; fileRef = 46BDC7A61FC5BD33009B87E8 /* LaunchScreen.storyboard */; };
		92CF9776427EC9B8668CFBB9 /* Pods_ZhiXingJianYan.framework in Frameworks */ = {isa = PBXBuildFile; fileRef = 238893813BDB6939E754C375 /* Pods_ZhiXingJianYan.framework */; };
/* End PBXBuildFile section */

/* Begin PBXFileReference section */
		238893813BDB6939E754C375 /* Pods_ZhiXingJianYan.framework */ = {isa = PBXFileReference; explicitFileType = wrapper.framework; includeInIndex = 0; path = Pods_ZhiXingJianYan.framework; sourceTree = BUILT_PRODUCTS_DIR; };
		26A04EB01FC6D9DC00994DC9 /* ZhiXingJianYan-Bridging-Header.h */ = {isa = PBXFileReference; lastKnownFileType = sourcecode.c.h; path = "ZhiXingJianYan-Bridging-Header.h"; sourceTree = "<group>"; };
		26A04EB71FC6DC2A00994DC9 /* CYLConstants.h */ = {isa = PBXFileReference; lastKnownFileType = sourcecode.c.h; path = CYLConstants.h; sourceTree = "<group>"; };
		26A04EB81FC6DC2A00994DC9 /* CYLPlusButton.h */ = {isa = PBXFileReference; lastKnownFileType = sourcecode.c.h; path = CYLPlusButton.h; sourceTree = "<group>"; };
		26A04EB91FC6DC2A00994DC9 /* CYLPlusButton.m */ = {isa = PBXFileReference; lastKnownFileType = sourcecode.c.objc; path = CYLPlusButton.m; sourceTree = "<group>"; };
		26A04EBA1FC6DC2A00994DC9 /* CYLTabBar.h */ = {isa = PBXFileReference; lastKnownFileType = sourcecode.c.h; path = CYLTabBar.h; sourceTree = "<group>"; };
		26A04EBB1FC6DC2A00994DC9 /* CYLTabBar.m */ = {isa = PBXFileReference; lastKnownFileType = sourcecode.c.objc; path = CYLTabBar.m; sourceTree = "<group>"; };
		26A04EBC1FC6DC2A00994DC9 /* CYLTabBarController.h */ = {isa = PBXFileReference; lastKnownFileType = sourcecode.c.h; path = CYLTabBarController.h; sourceTree = "<group>"; };
		26A04EBD1FC6DC2A00994DC9 /* CYLTabBarController.m */ = {isa = PBXFileReference; lastKnownFileType = sourcecode.c.objc; path = CYLTabBarController.m; sourceTree = "<group>"; };
		26A04EBE1FC6DC2A00994DC9 /* UIControl+CYLTabBarControllerExtention.h */ = {isa = PBXFileReference; lastKnownFileType = sourcecode.c.h; path = "UIControl+CYLTabBarControllerExtention.h"; sourceTree = "<group>"; };
		26A04EBF1FC6DC2A00994DC9 /* UIControl+CYLTabBarControllerExtention.m */ = {isa = PBXFileReference; lastKnownFileType = sourcecode.c.objc; path = "UIControl+CYLTabBarControllerExtention.m"; sourceTree = "<group>"; };
		26A04EC01FC6DC2A00994DC9 /* UITabBarItem+CYLTabBarControllerExtention.h */ = {isa = PBXFileReference; lastKnownFileType = sourcecode.c.h; path = "UITabBarItem+CYLTabBarControllerExtention.h"; sourceTree = "<group>"; };
		26A04EC11FC6DC2A00994DC9 /* UITabBarItem+CYLTabBarControllerExtention.m */ = {isa = PBXFileReference; lastKnownFileType = sourcecode.c.objc; path = "UITabBarItem+CYLTabBarControllerExtention.m"; sourceTree = "<group>"; };
		26A04EC21FC6DC2A00994DC9 /* UIView+CYLTabBarControllerExtention.h */ = {isa = PBXFileReference; lastKnownFileType = sourcecode.c.h; path = "UIView+CYLTabBarControllerExtention.h"; sourceTree = "<group>"; };
		26A04EC31FC6DC2A00994DC9 /* UIView+CYLTabBarControllerExtention.m */ = {isa = PBXFileReference; lastKnownFileType = sourcecode.c.objc; path = "UIView+CYLTabBarControllerExtention.m"; sourceTree = "<group>"; };
		26A04EC41FC6DC2A00994DC9 /* UIViewController+CYLTabBarControllerExtention.h */ = {isa = PBXFileReference; lastKnownFileType = sourcecode.c.h; path = "UIViewController+CYLTabBarControllerExtention.h"; sourceTree = "<group>"; };
		26A04EC51FC6DC2A00994DC9 /* UIViewController+CYLTabBarControllerExtention.m */ = {isa = PBXFileReference; lastKnownFileType = sourcecode.c.objc; path = "UIViewController+CYLTabBarControllerExtention.m"; sourceTree = "<group>"; };
		26A04ECA1FC6E50100994DC9 /* MainTabBarVC.swift */ = {isa = PBXFileReference; lastKnownFileType = sourcecode.swift; path = MainTabBarVC.swift; sourceTree = "<group>"; };
		26A04ECC1FC6E54A00994DC9 /* HomePageSB.storyboard */ = {isa = PBXFileReference; lastKnownFileType = file.storyboard; path = HomePageSB.storyboard; sourceTree = "<group>"; };
		26A04ECE1FC6E55C00994DC9 /* UserCenterSB.storyboard */ = {isa = PBXFileReference; lastKnownFileType = file.storyboard; path = UserCenterSB.storyboard; sourceTree = "<group>"; };
		46BDC79A1FC5BD33009B87E8 /* ZhiXingJianYan.app */ = {isa = PBXFileReference; explicitFileType = wrapper.application; includeInIndex = 0; path = ZhiXingJianYan.app; sourceTree = BUILT_PRODUCTS_DIR; };
		46BDC79D1FC5BD33009B87E8 /* AppDelegate.swift */ = {isa = PBXFileReference; lastKnownFileType = sourcecode.swift; path = AppDelegate.swift; sourceTree = "<group>"; };
		46BDC79F1FC5BD33009B87E8 /* ViewController.swift */ = {isa = PBXFileReference; lastKnownFileType = sourcecode.swift; path = ViewController.swift; sourceTree = "<group>"; };
		46BDC7A21FC5BD33009B87E8 /* Base */ = {isa = PBXFileReference; lastKnownFileType = file.storyboard; name = Base; path = Base.lproj/Main.storyboard; sourceTree = "<group>"; };
		46BDC7A41FC5BD33009B87E8 /* Assets.xcassets */ = {isa = PBXFileReference; lastKnownFileType = folder.assetcatalog; path = Assets.xcassets; sourceTree = "<group>"; };
		46BDC7A71FC5BD33009B87E8 /* Base */ = {isa = PBXFileReference; lastKnownFileType = file.storyboard; name = Base; path = Base.lproj/LaunchScreen.storyboard; sourceTree = "<group>"; };
		46BDC7A91FC5BD34009B87E8 /* Info.plist */ = {isa = PBXFileReference; lastKnownFileType = text.plist.xml; path = Info.plist; sourceTree = "<group>"; };
		B711E6BC9B4F8DC1DB702A74 /* Pods-ZhiXingJianYan.release.xcconfig */ = {isa = PBXFileReference; includeInIndex = 1; lastKnownFileType = text.xcconfig; name = "Pods-ZhiXingJianYan.release.xcconfig"; path = "Pods/Target Support Files/Pods-ZhiXingJianYan/Pods-ZhiXingJianYan.release.xcconfig"; sourceTree = "<group>"; };
		BBD9D6379C72C4897F5D4238 /* Pods-ZhiXingJianYan.debug.xcconfig */ = {isa = PBXFileReference; includeInIndex = 1; lastKnownFileType = text.xcconfig; name = "Pods-ZhiXingJianYan.debug.xcconfig"; path = "Pods/Target Support Files/Pods-ZhiXingJianYan/Pods-ZhiXingJianYan.debug.xcconfig"; sourceTree = "<group>"; };
/* End PBXFileReference section */

/* Begin PBXFrameworksBuildPhase section */
		46BDC7971FC5BD33009B87E8 /* Frameworks */ = {
			isa = PBXFrameworksBuildPhase;
			buildActionMask = 2147483647;
			files = (
				92CF9776427EC9B8668CFBB9 /* Pods_ZhiXingJianYan.framework in Frameworks */,
			);
			runOnlyForDeploymentPostprocessing = 0;
		};
/* End PBXFrameworksBuildPhase section */

/* Begin PBXGroup section */
		26A04EB11FC6DBE900994DC9 /* Modules */ = {
			isa = PBXGroup;
			children = (
				26A04ECA1FC6E50100994DC9 /* MainTabBarVC.swift */,
				26A04EB21FC6DBE900994DC9 /* HomePage */,
				26A04EB31FC6DBE900994DC9 /* UserCenter */,
			);
			path = Modules;
			sourceTree = "<group>";
		};
		26A04EB21FC6DBE900994DC9 /* HomePage */ = {
			isa = PBXGroup;
			children = (
				26A04ECC1FC6E54A00994DC9 /* HomePageSB.storyboard */,
			);
			path = HomePage;
			sourceTree = "<group>";
		};
		26A04EB31FC6DBE900994DC9 /* UserCenter */ = {
			isa = PBXGroup;
			children = (
				26A04ECE1FC6E55C00994DC9 /* UserCenterSB.storyboard */,
			);
			path = UserCenter;
			sourceTree = "<group>";
		};
		26A04EB41FC6DC2A00994DC9 /* Library */ = {
			isa = PBXGroup;
			children = (
				26A04EB51FC6DC2A00994DC9 /* Resource */,
			);
			path = Library;
			sourceTree = "<group>";
		};
		26A04EB51FC6DC2A00994DC9 /* Resource */ = {
			isa = PBXGroup;
			children = (
				26A04EB61FC6DC2A00994DC9 /* CYLTabBarController */,
			);
			path = Resource;
			sourceTree = "<group>";
		};
		26A04EB61FC6DC2A00994DC9 /* CYLTabBarController */ = {
			isa = PBXGroup;
			children = (
				26A04EB71FC6DC2A00994DC9 /* CYLConstants.h */,
				26A04EB81FC6DC2A00994DC9 /* CYLPlusButton.h */,
				26A04EB91FC6DC2A00994DC9 /* CYLPlusButton.m */,
				26A04EBA1FC6DC2A00994DC9 /* CYLTabBar.h */,
				26A04EBB1FC6DC2A00994DC9 /* CYLTabBar.m */,
				26A04EBC1FC6DC2A00994DC9 /* CYLTabBarController.h */,
				26A04EBD1FC6DC2A00994DC9 /* CYLTabBarController.m */,
				26A04EBE1FC6DC2A00994DC9 /* UIControl+CYLTabBarControllerExtention.h */,
				26A04EBF1FC6DC2A00994DC9 /* UIControl+CYLTabBarControllerExtention.m */,
				26A04EC01FC6DC2A00994DC9 /* UITabBarItem+CYLTabBarControllerExtention.h */,
				26A04EC11FC6DC2A00994DC9 /* UITabBarItem+CYLTabBarControllerExtention.m */,
				26A04EC21FC6DC2A00994DC9 /* UIView+CYLTabBarControllerExtention.h */,
				26A04EC31FC6DC2A00994DC9 /* UIView+CYLTabBarControllerExtention.m */,
				26A04EC41FC6DC2A00994DC9 /* UIViewController+CYLTabBarControllerExtention.h */,
				26A04EC51FC6DC2A00994DC9 /* UIViewController+CYLTabBarControllerExtention.m */,
			);
			path = CYLTabBarController;
			sourceTree = "<group>";
		};
		2BFF641698F8E685493E4674 /* Frameworks */ = {
			isa = PBXGroup;
			children = (
				238893813BDB6939E754C375 /* Pods_ZhiXingJianYan.framework */,
			);
			name = Frameworks;
			sourceTree = "<group>";
		};
		46BDC7911FC5BD33009B87E8 = {
			isa = PBXGroup;
			children = (
				46BDC79C1FC5BD33009B87E8 /* ZhiXingJianYan */,
				46BDC79B1FC5BD33009B87E8 /* Products */,
				94C8B0313417941116C12445 /* Pods */,
				2BFF641698F8E685493E4674 /* Frameworks */,
			);
			sourceTree = "<group>";
		};
		46BDC79B1FC5BD33009B87E8 /* Products */ = {
			isa = PBXGroup;
			children = (
				46BDC79A1FC5BD33009B87E8 /* ZhiXingJianYan.app */,
			);
			name = Products;
			sourceTree = "<group>";
		};
		46BDC79C1FC5BD33009B87E8 /* ZhiXingJianYan */ = {
			isa = PBXGroup;
			children = (
				26A04EB41FC6DC2A00994DC9 /* Library */,
				26A04EB11FC6DBE900994DC9 /* Modules */,
				46BDC79D1FC5BD33009B87E8 /* AppDelegate.swift */,
				46BDC79F1FC5BD33009B87E8 /* ViewController.swift */,
				46BDC7A11FC5BD33009B87E8 /* Main.storyboard */,
				46BDC7A41FC5BD33009B87E8 /* Assets.xcassets */,
				46BDC7A61FC5BD33009B87E8 /* LaunchScreen.storyboard */,
				46BDC7A91FC5BD34009B87E8 /* Info.plist */,
				26A04EB01FC6D9DC00994DC9 /* ZhiXingJianYan-Bridging-Header.h */,
			);
			path = ZhiXingJianYan;
			sourceTree = "<group>";
		};
		94C8B0313417941116C12445 /* Pods */ = {
			isa = PBXGroup;
			children = (
				BBD9D6379C72C4897F5D4238 /* Pods-ZhiXingJianYan.debug.xcconfig */,
				B711E6BC9B4F8DC1DB702A74 /* Pods-ZhiXingJianYan.release.xcconfig */,
			);
			name = Pods;
			sourceTree = "<group>";
		};
/* End PBXGroup section */

/* Begin PBXNativeTarget section */
		46BDC7991FC5BD33009B87E8 /* ZhiXingJianYan */ = {
			isa = PBXNativeTarget;
			buildConfigurationList = 46BDC7AC1FC5BD34009B87E8 /* Build configuration list for PBXNativeTarget "ZhiXingJianYan" */;
			buildPhases = (
				687339DB639BFE53B1EA9A0F /* [CP] Check Pods Manifest.lock */,
				46BDC7961FC5BD33009B87E8 /* Sources */,
				46BDC7971FC5BD33009B87E8 /* Frameworks */,
				46BDC7981FC5BD33009B87E8 /* Resources */,
				837401CC98F015EDD99871F9 /* [CP] Embed Pods Frameworks */,
				F6C76DCBEC7832288918A8FD /* [CP] Copy Pods Resources */,
			);
			buildRules = (
			);
			dependencies = (
			);
			name = ZhiXingJianYan;
			productName = ZhiXingJianYan;
			productReference = 46BDC79A1FC5BD33009B87E8 /* ZhiXingJianYan.app */;
			productType = "com.apple.product-type.application";
		};
/* End PBXNativeTarget section */

/* Begin PBXProject section */
		46BDC7921FC5BD33009B87E8 /* Project object */ = {
			isa = PBXProject;
			attributes = {
				LastSwiftUpdateCheck = 0830;
				LastUpgradeCheck = 0830;
				ORGANIZATIONNAME = ZhiXing;
				TargetAttributes = {
					46BDC7991FC5BD33009B87E8 = {
						CreatedOnToolsVersion = 8.3.3;
						DevelopmentTeam = 45542K4894;
						LastSwiftMigration = 0900;
						ProvisioningStyle = Automatic;
					};
				};
			};
			buildConfigurationList = 46BDC7951FC5BD33009B87E8 /* Build configuration list for PBXProject "ZhiXingJianYan" */;
			compatibilityVersion = "Xcode 3.2";
			developmentRegion = English;
			hasScannedForEncodings = 0;
			knownRegions = (
				en,
				Base,
			);
			mainGroup = 46BDC7911FC5BD33009B87E8;
			productRefGroup = 46BDC79B1FC5BD33009B87E8 /* Products */;
			projectDirPath = "";
			projectRoot = "";
			targets = (
				46BDC7991FC5BD33009B87E8 /* ZhiXingJianYan */,
			);
		};
/* End PBXProject section */

/* Begin PBXResourcesBuildPhase section */
		46BDC7981FC5BD33009B87E8 /* Resources */ = {
			isa = PBXResourcesBuildPhase;
			buildActionMask = 2147483647;
			files = (
				46BDC7A81FC5BD33009B87E8 /* LaunchScreen.storyboard in Resources */,
				46BDC7A51FC5BD33009B87E8 /* Assets.xcassets in Resources */,
				26A04ECF1FC6E55C00994DC9 /* UserCenterSB.storyboard in Resources */,
				46BDC7A31FC5BD33009B87E8 /* Main.storyboard in Resources */,
				26A04ECD1FC6E54A00994DC9 /* HomePageSB.storyboard in Resources */,
			);
			runOnlyForDeploymentPostprocessing = 0;
		};
/* End PBXResourcesBuildPhase section */

/* Begin PBXShellScriptBuildPhase section */
		687339DB639BFE53B1EA9A0F /* [CP] Check Pods Manifest.lock */ = {
			isa = PBXShellScriptBuildPhase;
			buildActionMask = 2147483647;
			files = (
			);
			inputPaths = (
				"${PODS_PODFILE_DIR_PATH}/Podfile.lock",
				"${PODS_ROOT}/Manifest.lock",
			);
			name = "[CP] Check Pods Manifest.lock";
			outputPaths = (
				"$(DERIVED_FILE_DIR)/Pods-ZhiXingJianYan-checkManifestLockResult.txt",
			);
			runOnlyForDeploymentPostprocessing = 0;
			shellPath = /bin/sh;
			shellScript = "diff \"${PODS_PODFILE_DIR_PATH}/Podfile.lock\" \"${PODS_ROOT}/Manifest.lock\" > /dev/null\nif [ $? != 0 ] ; then\n    # print error to STDERR\n    echo \"error: The sandbox is not in sync with the Podfile.lock. Run 'pod install' or update your CocoaPods installation.\" >&2\n    exit 1\nfi\n# This output is used by Xcode 'outputs' to avoid re-running this script phase.\necho \"SUCCESS\" > \"${SCRIPT_OUTPUT_FILE_0}\"\n";
			showEnvVarsInLog = 0;
		};
		837401CC98F015EDD99871F9 /* [CP] Embed Pods Frameworks */ = {
			isa = PBXShellScriptBuildPhase;
			buildActionMask = 2147483647;
			files = (
			);
			inputPaths = (
			);
			name = "[CP] Embed Pods Frameworks";
			outputPaths = (
			);
			runOnlyForDeploymentPostprocessing = 0;
			shellPath = /bin/sh;
			shellScript = "\"${SRCROOT}/Pods/Target Support Files/Pods-ZhiXingJianYan/Pods-ZhiXingJianYan-frameworks.sh\"\n";
			showEnvVarsInLog = 0;
		};
		F6C76DCBEC7832288918A8FD /* [CP] Copy Pods Resources */ = {
			isa = PBXShellScriptBuildPhase;
			buildActionMask = 2147483647;
			files = (
			);
			inputPaths = (
			);
			name = "[CP] Copy Pods Resources";
			outputPaths = (
			);
			runOnlyForDeploymentPostprocessing = 0;
			shellPath = /bin/sh;
			shellScript = "\"${SRCROOT}/Pods/Target Support Files/Pods-ZhiXingJianYan/Pods-ZhiXingJianYan-resources.sh\"\n";
			showEnvVarsInLog = 0;
		};
/* End PBXShellScriptBuildPhase section */

/* Begin PBXSourcesBuildPhase section */
		46BDC7961FC5BD33009B87E8 /* Sources */ = {
			isa = PBXSourcesBuildPhase;
			buildActionMask = 2147483647;
			files = (
				46BDC7A01FC5BD33009B87E8 /* ViewController.swift in Sources */,
				26A04ECB1FC6E50100994DC9 /* MainTabBarVC.swift in Sources */,
				46BDC79E1FC5BD33009B87E8 /* AppDelegate.swift in Sources */,
			);
			runOnlyForDeploymentPostprocessing = 0;
		};
/* End PBXSourcesBuildPhase section */

/* Begin PBXVariantGroup section */
		46BDC7A11FC5BD33009B87E8 /* Main.storyboard */ = {
			isa = PBXVariantGroup;
			children = (
				46BDC7A21FC5BD33009B87E8 /* Base */,
			);
			name = Main.storyboard;
			sourceTree = "<group>";
		};
		46BDC7A61FC5BD33009B87E8 /* LaunchScreen.storyboard */ = {
			isa = PBXVariantGroup;
			children = (
				46BDC7A71FC5BD33009B87E8 /* Base */,
			);
			name = LaunchScreen.storyboard;
			sourceTree = "<group>";
		};
/* End PBXVariantGroup section */

/* Begin XCBuildConfiguration section */
		46BDC7AA1FC5BD34009B87E8 /* Debug */ = {
			isa = XCBuildConfiguration;
			buildSettings = {
				ALWAYS_SEARCH_USER_PATHS = NO;
				CLANG_ANALYZER_NONNULL = YES;
				CLANG_ANALYZER_NUMBER_OBJECT_CONVERSION = YES_AGGRESSIVE;
				CLANG_CXX_LANGUAGE_STANDARD = "gnu++0x";
				CLANG_CXX_LIBRARY = "libc++";
				CLANG_ENABLE_MODULES = YES;
				CLANG_ENABLE_OBJC_ARC = YES;
				CLANG_WARN_BOOL_CONVERSION = YES;
				CLANG_WARN_CONSTANT_CONVERSION = YES;
				CLANG_WARN_DIRECT_OBJC_ISA_USAGE = YES_ERROR;
				CLANG_WARN_DOCUMENTATION_COMMENTS = YES;
				CLANG_WARN_EMPTY_BODY = YES;
				CLANG_WARN_ENUM_CONVERSION = YES;
				CLANG_WARN_INFINITE_RECURSION = YES;
				CLANG_WARN_INT_CONVERSION = YES;
				CLANG_WARN_OBJC_ROOT_CLASS = YES_ERROR;
				CLANG_WARN_SUSPICIOUS_MOVE = YES;
				CLANG_WARN_UNREACHABLE_CODE = YES;
				CLANG_WARN__DUPLICATE_METHOD_MATCH = YES;
				"CODE_SIGN_IDENTITY[sdk=iphoneos*]" = "iPhone Developer";
				COPY_PHASE_STRIP = NO;
				DEBUG_INFORMATION_FORMAT = dwarf;
				ENABLE_STRICT_OBJC_MSGSEND = YES;
				ENABLE_TESTABILITY = YES;
				GCC_C_LANGUAGE_STANDARD = gnu99;
				GCC_DYNAMIC_NO_PIC = NO;
				GCC_NO_COMMON_BLOCKS = YES;
				GCC_OPTIMIZATION_LEVEL = 0;
				GCC_PREPROCESSOR_DEFINITIONS = (
					"DEBUG=1",
					"$(inherited)",
				);
				GCC_WARN_64_TO_32_BIT_CONVERSION = YES;
				GCC_WARN_ABOUT_RETURN_TYPE = YES_ERROR;
				GCC_WARN_UNDECLARED_SELECTOR = YES;
				GCC_WARN_UNINITIALIZED_AUTOS = YES_AGGRESSIVE;
				GCC_WARN_UNUSED_FUNCTION = YES;
				GCC_WARN_UNUSED_VARIABLE = YES;
				IPHONEOS_DEPLOYMENT_TARGET = 10.3;
				MTL_ENABLE_DEBUG_INFO = YES;
				ONLY_ACTIVE_ARCH = YES;
				SDKROOT = iphoneos;
				SWIFT_ACTIVE_COMPILATION_CONDITIONS = DEBUG;
				SWIFT_OPTIMIZATION_LEVEL = "-Onone";
			};
			name = Debug;
		};
		46BDC7AB1FC5BD34009B87E8 /* Release */ = {
			isa = XCBuildConfiguration;
			buildSettings = {
				ALWAYS_SEARCH_USER_PATHS = NO;
				CLANG_ANALYZER_NONNULL = YES;
				CLANG_ANALYZER_NUMBER_OBJECT_CONVERSION = YES_AGGRESSIVE;
				CLANG_CXX_LANGUAGE_STANDARD = "gnu++0x";
				CLANG_CXX_LIBRARY = "libc++";
				CLANG_ENABLE_MODULES = YES;
				CLANG_ENABLE_OBJC_ARC = YES;
				CLANG_WARN_BOOL_CONVERSION = YES;
				CLANG_WARN_CONSTANT_CONVERSION = YES;
				CLANG_WARN_DIRECT_OBJC_ISA_USAGE = YES_ERROR;
				CLANG_WARN_DOCUMENTATION_COMMENTS = YES;
				CLANG_WARN_EMPTY_BODY = YES;
				CLANG_WARN_ENUM_CONVERSION = YES;
				CLANG_WARN_INFINITE_RECURSION = YES;
				CLANG_WARN_INT_CONVERSION = YES;
				CLANG_WARN_OBJC_ROOT_CLASS = YES_ERROR;
				CLANG_WARN_SUSPICIOUS_MOVE = YES;
				CLANG_WARN_UNREACHABLE_CODE = YES;
				CLANG_WARN__DUPLICATE_METHOD_MATCH = YES;
				"CODE_SIGN_IDENTITY[sdk=iphoneos*]" = "iPhone Developer";
				COPY_PHASE_STRIP = NO;
				DEBUG_INFORMATION_FORMAT = "dwarf-with-dsym";
				ENABLE_NS_ASSERTIONS = NO;
				ENABLE_STRICT_OBJC_MSGSEND = YES;
				GCC_C_LANGUAGE_STANDARD = gnu99;
				GCC_NO_COMMON_BLOCKS = YES;
				GCC_WARN_64_TO_32_BIT_CONVERSION = YES;
				GCC_WARN_ABOUT_RETURN_TYPE = YES_ERROR;
				GCC_WARN_UNDECLARED_SELECTOR = YES;
				GCC_WARN_UNINITIALIZED_AUTOS = YES_AGGRESSIVE;
				GCC_WARN_UNUSED_FUNCTION = YES;
				GCC_WARN_UNUSED_VARIABLE = YES;
				IPHONEOS_DEPLOYMENT_TARGET = 10.3;
				MTL_ENABLE_DEBUG_INFO = NO;
				SDKROOT = iphoneos;
				SWIFT_OPTIMIZATION_LEVEL = "-Owholemodule";
				VALIDATE_PRODUCT = YES;
			};
			name = Release;
		};
		46BDC7AD1FC5BD34009B87E8 /* Debug */ = {
			isa = XCBuildConfiguration;
			baseConfigurationReference = BBD9D6379C72C4897F5D4238 /* Pods-ZhiXingJianYan.debug.xcconfig */;
			buildSettings = {
				ASSETCATALOG_COMPILER_APPICON_NAME = AppIcon;
				CLANG_ENABLE_MODULES = YES;
				DEVELOPMENT_TEAM = 45542K4894;
				INFOPLIST_FILE = ZhiXingJianYan/Info.plist;
				LD_RUNPATH_SEARCH_PATHS = "$(inherited) @executable_path/Frameworks";
				PRODUCT_BUNDLE_IDENTIFIER = www.zhixing.com.ZhiXingJianYan;
				PRODUCT_NAME = "$(TARGET_NAME)";
				SWIFT_OBJC_BRIDGING_HEADER = "ZhiXingJianYan/Modules/HomePage/ZhiXingJianYan-Bridging-Header.h";
				SWIFT_OPTIMIZATION_LEVEL = "-Onone";
				SWIFT_VERSION = 3.0;
			};
			name = Debug;
		};
		46BDC7AE1FC5BD34009B87E8 /* Release */ = {
			isa = XCBuildConfiguration;
			baseConfigurationReference = B711E6BC9B4F8DC1DB702A74 /* Pods-ZhiXingJianYan.release.xcconfig */;
			buildSettings = {
				ASSETCATALOG_COMPILER_APPICON_NAME = AppIcon;
				CLANG_ENABLE_MODULES = YES;
				DEVELOPMENT_TEAM = 45542K4894;
				INFOPLIST_FILE = ZhiXingJianYan/Info.plist;
				LD_RUNPATH_SEARCH_PATHS = "$(inherited) @executable_path/Frameworks";
				PRODUCT_BUNDLE_IDENTIFIER = www.zhixing.com.ZhiXingJianYan;
				PRODUCT_NAME = "$(TARGET_NAME)";
				SWIFT_OBJC_BRIDGING_HEADER = "ZhiXingJianYan/Modules/HomePage/ZhiXingJianYan-Bridging-Header.h";
				SWIFT_VERSION = 3.0;
			};
			name = Release;
		};
/* End XCBuildConfiguration section */

/* Begin XCConfigurationList section */
		46BDC7951FC5BD33009B87E8 /* Build configuration list for PBXProject "ZhiXingJianYan" */ = {
			isa = XCConfigurationList;
			buildConfigurations = (
				46BDC7AA1FC5BD34009B87E8 /* Debug */,
				46BDC7AB1FC5BD34009B87E8 /* Release */,
			);
			defaultConfigurationIsVisible = 0;
			defaultConfigurationName = Release;
		};
		46BDC7AC1FC5BD34009B87E8 /* Build configuration list for PBXNativeTarget "ZhiXingJianYan" */ = {
			isa = XCConfigurationList;
			buildConfigurations = (
				46BDC7AD1FC5BD34009B87E8 /* Debug */,
				46BDC7AE1FC5BD34009B87E8 /* Release */,
			);
			defaultConfigurationIsVisible = 0;
			defaultConfigurationName = Release;
		};
/* End XCConfigurationList section */
	};
	rootObject = 46BDC7921FC5BD33009B87E8 /* Project object */;
}
