// !$*UTF8*$!
{
	archiveVersion = 1;
	classes = {
	};
	objectVersion = 48;
	objects = {

/* Begin PBXBuildFile section */
		26408BAC202444BA006B09D2 /* Main.storyboard in Resources */ = {isa = PBXBuildFile; fileRef = 26408BAA202444BA006B09D2 /* Main.storyboard */; };
		26408BAE202444BA006B09D2 /* Assets.xcassets in Resources */ = {isa = PBXBuildFile; fileRef = 26408BAD202444BA006B09D2 /* Assets.xcassets */; };
		26408BB1202444BA006B09D2 /* LaunchScreen.storyboard in Resources */ = {isa = PBXBuildFile; fileRef = 26408BAF202444BA006B09D2 /* LaunchScreen.storyboard */; };
		26408BBC202444BA006B09D2 /* AlamofireDemoTests.swift in Sources */ = {isa = PBXBuildFile; fileRef = 26408BBB202444BA006B09D2 /* AlamofireDemoTests.swift */; };
		26408BC7202444BA006B09D2 /* AlamofireDemoUITests.swift in Sources */ = {isa = PBXBuildFile; fileRef = 26408BC6202444BA006B09D2 /* AlamofireDemoUITests.swift */; };
		26408BDB202453E6006B09D2 /* TableVC.swift in Sources */ = {isa = PBXBuildFile; fileRef = 26408BD8202453E6006B09D2 /* TableVC.swift */; };
		26408BDC202453E6006B09D2 /* ViewController.swift in Sources */ = {isa = PBXBuildFile; fileRef = 26408BD9202453E6006B09D2 /* ViewController.swift */; };
		26408BDD202453E6006B09D2 /* AppDelegate.swift in Sources */ = {isa = PBXBuildFile; fileRef = 26408BDA202453E6006B09D2 /* AppDelegate.swift */; };
		264FA01F223B9301006E5B1B /* SecondVC.swift in Sources */ = {isa = PBXBuildFile; fileRef = 264FA01C223B9301006E5B1B /* SecondVC.swift */; };
		264FA020223B9301006E5B1B /* FirstVC.swift in Sources */ = {isa = PBXBuildFile; fileRef = 264FA01E223B9301006E5B1B /* FirstVC.swift */; };
		2932CE9213418FEB21808A21 /* Pods_AlamofireDemo.framework in Frameworks */ = {isa = PBXBuildFile; fileRef = 0994301A9FD92CA41CD1C595 /* Pods_AlamofireDemo.framework */; };
/* End PBXBuildFile section */

/* Begin PBXContainerItemProxy section */
		26408BB8202444BA006B09D2 /* PBXContainerItemProxy */ = {
			isa = PBXContainerItemProxy;
			containerPortal = 26408B9B202444BA006B09D2 /* Project object */;
			proxyType = 1;
			remoteGlobalIDString = 26408BA2202444BA006B09D2;
			remoteInfo = AlamofireDemo;
		};
		26408BC3202444BA006B09D2 /* PBXContainerItemProxy */ = {
			isa = PBXContainerItemProxy;
			containerPortal = 26408B9B202444BA006B09D2 /* Project object */;
			proxyType = 1;
			remoteGlobalIDString = 26408BA2202444BA006B09D2;
			remoteInfo = AlamofireDemo;
		};
/* End PBXContainerItemProxy section */

/* Begin PBXFileReference section */
		0994301A9FD92CA41CD1C595 /* Pods_AlamofireDemo.framework */ = {isa = PBXFileReference; explicitFileType = wrapper.framework; includeInIndex = 0; path = Pods_AlamofireDemo.framework; sourceTree = BUILT_PRODUCTS_DIR; };
		26408BA3202444BA006B09D2 /* AlamofireDemo.app */ = {isa = PBXFileReference; explicitFileType = wrapper.application; includeInIndex = 0; path = AlamofireDemo.app; sourceTree = BUILT_PRODUCTS_DIR; };
		26408BAB202444BA006B09D2 /* Base */ = {isa = PBXFileReference; lastKnownFileType = file.storyboard; name = Base; path = Base.lproj/Main.storyboard; sourceTree = "<group>"; };
		26408BAD202444BA006B09D2 /* Assets.xcassets */ = {isa = PBXFileReference; lastKnownFileType = folder.assetcatalog; path = Assets.xcassets; sourceTree = "<group>"; };
		26408BB0202444BA006B09D2 /* Base */ = {isa = PBXFileReference; lastKnownFileType = file.storyboard; name = Base; path = Base.lproj/LaunchScreen.storyboard; sourceTree = "<group>"; };
		26408BB2202444BA006B09D2 /* Info.plist */ = {isa = PBXFileReference; lastKnownFileType = text.plist.xml; path = Info.plist; sourceTree = "<group>"; };
		26408BB7202444BA006B09D2 /* AlamofireDemoTests.xctest */ = {isa = PBXFileReference; explicitFileType = wrapper.cfbundle; includeInIndex = 0; path = AlamofireDemoTests.xctest; sourceTree = BUILT_PRODUCTS_DIR; };
		26408BBB202444BA006B09D2 /* AlamofireDemoTests.swift */ = {isa = PBXFileReference; lastKnownFileType = sourcecode.swift; path = AlamofireDemoTests.swift; sourceTree = "<group>"; };
		26408BBD202444BA006B09D2 /* Info.plist */ = {isa = PBXFileReference; lastKnownFileType = text.plist.xml; path = Info.plist; sourceTree = "<group>"; };
		26408BC2202444BA006B09D2 /* AlamofireDemoUITests.xctest */ = {isa = PBXFileReference; explicitFileType = wrapper.cfbundle; includeInIndex = 0; path = AlamofireDemoUITests.xctest; sourceTree = BUILT_PRODUCTS_DIR; };
		26408BC6202444BA006B09D2 /* AlamofireDemoUITests.swift */ = {isa = PBXFileReference; lastKnownFileType = sourcecode.swift; path = AlamofireDemoUITests.swift; sourceTree = "<group>"; };
		26408BC8202444BA006B09D2 /* Info.plist */ = {isa = PBXFileReference; lastKnownFileType = text.plist.xml; path = Info.plist; sourceTree = "<group>"; };
		26408BD8202453E6006B09D2 /* TableVC.swift */ = {isa = PBXFileReference; fileEncoding = 4; lastKnownFileType = sourcecode.swift; path = TableVC.swift; sourceTree = "<group>"; };
		26408BD9202453E6006B09D2 /* ViewController.swift */ = {isa = PBXFileReference; fileEncoding = 4; lastKnownFileType = sourcecode.swift; path = ViewController.swift; sourceTree = "<group>"; };
		26408BDA202453E6006B09D2 /* AppDelegate.swift */ = {isa = PBXFileReference; fileEncoding = 4; lastKnownFileType = sourcecode.swift; path = AppDelegate.swift; sourceTree = "<group>"; };
		264FA01C223B9301006E5B1B /* SecondVC.swift */ = {isa = PBXFileReference; fileEncoding = 4; lastKnownFileType = sourcecode.swift; path = SecondVC.swift; sourceTree = "<group>"; };
		264FA01E223B9301006E5B1B /* FirstVC.swift */ = {isa = PBXFileReference; fileEncoding = 4; lastKnownFileType = sourcecode.swift; path = FirstVC.swift; sourceTree = "<group>"; };
		BBD4449AD66CB661AD2F5F0F /* Pods-AlamofireDemo.release.xcconfig */ = {isa = PBXFileReference; includeInIndex = 1; lastKnownFileType = text.xcconfig; name = "Pods-AlamofireDemo.release.xcconfig"; path = "Pods/Target Support Files/Pods-AlamofireDemo/Pods-AlamofireDemo.release.xcconfig"; sourceTree = "<group>"; };
		DB045B62C8E783ED9B3C1D12 /* Pods-AlamofireDemo.debug.xcconfig */ = {isa = PBXFileReference; includeInIndex = 1; lastKnownFileType = text.xcconfig; name = "Pods-AlamofireDemo.debug.xcconfig"; path = "Pods/Target Support Files/Pods-AlamofireDemo/Pods-AlamofireDemo.debug.xcconfig"; sourceTree = "<group>"; };
/* End PBXFileReference section */

/* Begin PBXFrameworksBuildPhase section */
		26408BA0202444BA006B09D2 /* Frameworks */ = {
			isa = PBXFrameworksBuildPhase;
			buildActionMask = 2147483647;
			files = (
				2932CE9213418FEB21808A21 /* Pods_AlamofireDemo.framework in Frameworks */,
			);
			runOnlyForDeploymentPostprocessing = 0;
		};
		26408BB4202444BA006B09D2 /* Frameworks */ = {
			isa = PBXFrameworksBuildPhase;
			buildActionMask = 2147483647;
			files = (
			);
			runOnlyForDeploymentPostprocessing = 0;
		};
		26408BBF202444BA006B09D2 /* Frameworks */ = {
			isa = PBXFrameworksBuildPhase;
			buildActionMask = 2147483647;
			files = (
			);
			runOnlyForDeploymentPostprocessing = 0;
		};
/* End PBXFrameworksBuildPhase section */

/* Begin PBXGroup section */
		1CF1AB4EAAC60A172411C033 /* Pods */ = {
			isa = PBXGroup;
			children = (
				DB045B62C8E783ED9B3C1D12 /* Pods-AlamofireDemo.debug.xcconfig */,
				BBD4449AD66CB661AD2F5F0F /* Pods-AlamofireDemo.release.xcconfig */,
			);
			name = Pods;
			sourceTree = "<group>";
		};
		26408B9A202444BA006B09D2 = {
			isa = PBXGroup;
			children = (
				26408BA5202444BA006B09D2 /* AlamofireDemo */,
				26408BBA202444BA006B09D2 /* AlamofireDemoTests */,
				26408BC5202444BA006B09D2 /* AlamofireDemoUITests */,
				26408BA4202444BA006B09D2 /* Products */,
				1CF1AB4EAAC60A172411C033 /* Pods */,
				4EA305AB9E8B2C972521E562 /* Frameworks */,
			);
			sourceTree = "<group>";
		};
		26408BA4202444BA006B09D2 /* Products */ = {
			isa = PBXGroup;
			children = (
				26408BA3202444BA006B09D2 /* AlamofireDemo.app */,
				26408BB7202444BA006B09D2 /* AlamofireDemoTests.xctest */,
				26408BC2202444BA006B09D2 /* AlamofireDemoUITests.xctest */,
			);
			name = Products;
			sourceTree = "<group>";
		};
		26408BA5202444BA006B09D2 /* AlamofireDemo */ = {
			isa = PBXGroup;
			children = (
				26408BD6202453E6006B09D2 /* CommonBaseTest */,
				26408BD7202453E6006B09D2 /* Main */,
				26408BAA202444BA006B09D2 /* Main.storyboard */,
				26408BAD202444BA006B09D2 /* Assets.xcassets */,
				26408BAF202444BA006B09D2 /* LaunchScreen.storyboard */,
				26408BB2202444BA006B09D2 /* Info.plist */,
			);
			path = AlamofireDemo;
			sourceTree = "<group>";
		};
		26408BBA202444BA006B09D2 /* AlamofireDemoTests */ = {
			isa = PBXGroup;
			children = (
				26408BBB202444BA006B09D2 /* AlamofireDemoTests.swift */,
				26408BBD202444BA006B09D2 /* Info.plist */,
			);
			path = AlamofireDemoTests;
			sourceTree = "<group>";
		};
		26408BC5202444BA006B09D2 /* AlamofireDemoUITests */ = {
			isa = PBXGroup;
			children = (
				26408BC6202444BA006B09D2 /* AlamofireDemoUITests.swift */,
				26408BC8202444BA006B09D2 /* Info.plist */,
			);
			path = AlamofireDemoUITests;
			sourceTree = "<group>";
		};
		26408BD6202453E6006B09D2 /* CommonBaseTest */ = {
			isa = PBXGroup;
			children = (
				264FA01D223B9301006E5B1B /* AlamofireSimpleEX */,
				264FA01B223B9301006E5B1B /* Other */,
			);
			path = CommonBaseTest;
			sourceTree = "<group>";
		};
		26408BD7202453E6006B09D2 /* Main */ = {
			isa = PBXGroup;
			children = (
				26408BDA202453E6006B09D2 /* AppDelegate.swift */,
				26408BD9202453E6006B09D2 /* ViewController.swift */,
				26408BD8202453E6006B09D2 /* TableVC.swift */,
			);
			path = Main;
			sourceTree = "<group>";
		};
		264FA01B223B9301006E5B1B /* Other */ = {
			isa = PBXGroup;
			children = (
				264FA01C223B9301006E5B1B /* SecondVC.swift */,
			);
			path = Other;
			sourceTree = "<group>";
		};
		264FA01D223B9301006E5B1B /* AlamofireSimpleEX */ = {
			isa = PBXGroup;
			children = (
				264FA01E223B9301006E5B1B /* FirstVC.swift */,
			);
			path = AlamofireSimpleEX;
			sourceTree = "<group>";
		};
		4EA305AB9E8B2C972521E562 /* Frameworks */ = {
			isa = PBXGroup;
			children = (
				0994301A9FD92CA41CD1C595 /* Pods_AlamofireDemo.framework */,
			);
			name = Frameworks;
			sourceTree = "<group>";
		};
/* End PBXGroup section */

/* Begin PBXNativeTarget section */
		26408BA2202444BA006B09D2 /* AlamofireDemo */ = {
			isa = PBXNativeTarget;
			buildConfigurationList = 26408BCB202444BA006B09D2 /* Build configuration list for PBXNativeTarget "AlamofireDemo" */;
			buildPhases = (
				FEA00614C421BD131D7532A0 /* [CP] Check Pods Manifest.lock */,
				26408B9F202444BA006B09D2 /* Sources */,
				26408BA0202444BA006B09D2 /* Frameworks */,
				26408BA1202444BA006B09D2 /* Resources */,
				AB62F8DED67DE236F21EE86A /* [CP] Embed Pods Frameworks */,
				6F053C02CDBB9F5C5B8E24CD /* [CP] Copy Pods Resources */,
			);
			buildRules = (
			);
			dependencies = (
			);
			name = AlamofireDemo;
			productName = AlamofireDemo;
			productReference = 26408BA3202444BA006B09D2 /* AlamofireDemo.app */;
			productType = "com.apple.product-type.application";
		};
		26408BB6202444BA006B09D2 /* AlamofireDemoTests */ = {
			isa = PBXNativeTarget;
			buildConfigurationList = 26408BCE202444BA006B09D2 /* Build configuration list for PBXNativeTarget "AlamofireDemoTests" */;
			buildPhases = (
				26408BB3202444BA006B09D2 /* Sources */,
				26408BB4202444BA006B09D2 /* Frameworks */,
				26408BB5202444BA006B09D2 /* Resources */,
			);
			buildRules = (
			);
			dependencies = (
				26408BB9202444BA006B09D2 /* PBXTargetDependency */,
			);
			name = AlamofireDemoTests;
			productName = AlamofireDemoTests;
			productReference = 26408BB7202444BA006B09D2 /* AlamofireDemoTests.xctest */;
			productType = "com.apple.product-type.bundle.unit-test";
		};
		26408BC1202444BA006B09D2 /* AlamofireDemoUITests */ = {
			isa = PBXNativeTarget;
			buildConfigurationList = 26408BD1202444BA006B09D2 /* Build configuration list for PBXNativeTarget "AlamofireDemoUITests" */;
			buildPhases = (
				26408BBE202444BA006B09D2 /* Sources */,
				26408BBF202444BA006B09D2 /* Frameworks */,
				26408BC0202444BA006B09D2 /* Resources */,
			);
			buildRules = (
			);
			dependencies = (
				26408BC4202444BA006B09D2 /* PBXTargetDependency */,
			);
			name = AlamofireDemoUITests;
			productName = AlamofireDemoUITests;
			productReference = 26408BC2202444BA006B09D2 /* AlamofireDemoUITests.xctest */;
			productType = "com.apple.product-type.bundle.ui-testing";
		};
/* End PBXNativeTarget section */

/* Begin PBXProject section */
		26408B9B202444BA006B09D2 /* Project object */ = {
			isa = PBXProject;
			attributes = {
				LastSwiftUpdateCheck = 0920;
				LastUpgradeCheck = 0920;
				ORGANIZATIONNAME = ZhiXingJY;
				TargetAttributes = {
					26408BA2202444BA006B09D2 = {
						CreatedOnToolsVersion = 9.2;
						ProvisioningStyle = Automatic;
					};
					26408BB6202444BA006B09D2 = {
						CreatedOnToolsVersion = 9.2;
						ProvisioningStyle = Automatic;
						TestTargetID = 26408BA2202444BA006B09D2;
					};
					26408BC1202444BA006B09D2 = {
						CreatedOnToolsVersion = 9.2;
						ProvisioningStyle = Automatic;
						TestTargetID = 26408BA2202444BA006B09D2;
					};
				};
			};
			buildConfigurationList = 26408B9E202444BA006B09D2 /* Build configuration list for PBXProject "AlamofireDemo" */;
			compatibilityVersion = "Xcode 8.0";
			developmentRegion = en;
			hasScannedForEncodings = 0;
			knownRegions = (
				en,
				Base,
			);
			mainGroup = 26408B9A202444BA006B09D2;
			productRefGroup = 26408BA4202444BA006B09D2 /* Products */;
			projectDirPath = "";
			projectRoot = "";
			targets = (
				26408BA2202444BA006B09D2 /* AlamofireDemo */,
				26408BB6202444BA006B09D2 /* AlamofireDemoTests */,
				26408BC1202444BA006B09D2 /* AlamofireDemoUITests */,
			);
		};
/* End PBXProject section */

/* Begin PBXResourcesBuildPhase section */
		26408BA1202444BA006B09D2 /* Resources */ = {
			isa = PBXResourcesBuildPhase;
			buildActionMask = 2147483647;
			files = (
				26408BB1202444BA006B09D2 /* LaunchScreen.storyboard in Resources */,
				26408BAE202444BA006B09D2 /* Assets.xcassets in Resources */,
				26408BAC202444BA006B09D2 /* Main.storyboard in Resources */,
			);
			runOnlyForDeploymentPostprocessing = 0;
		};
		26408BB5202444BA006B09D2 /* Resources */ = {
			isa = PBXResourcesBuildPhase;
			buildActionMask = 2147483647;
			files = (
			);
			runOnlyForDeploymentPostprocessing = 0;
		};
		26408BC0202444BA006B09D2 /* Resources */ = {
			isa = PBXResourcesBuildPhase;
			buildActionMask = 2147483647;
			files = (
			);
			runOnlyForDeploymentPostprocessing = 0;
		};
/* End PBXResourcesBuildPhase section */

/* Begin PBXShellScriptBuildPhase section */
		6F053C02CDBB9F5C5B8E24CD /* [CP] Copy Pods Resources */ = {
			isa = PBXShellScriptBuildPhase;
			buildActionMask = 2147483647;
			files = (
			);
			inputPaths = (
			);
			name = "[CP] Copy Pods Resources";
			outputPaths = (
			);
			runOnlyForDeploymentPostprocessing = 0;
			shellPath = /bin/sh;
			shellScript = "\"${SRCROOT}/Pods/Target Support Files/Pods-AlamofireDemo/Pods-AlamofireDemo-resources.sh\"\n";
			showEnvVarsInLog = 0;
		};
		AB62F8DED67DE236F21EE86A /* [CP] Embed Pods Frameworks */ = {
			isa = PBXShellScriptBuildPhase;
			buildActionMask = 2147483647;
			files = (
			);
			inputPaths = (
				"${SRCROOT}/Pods/Target Support Files/Pods-AlamofireDemo/Pods-AlamofireDemo-frameworks.sh",
				"${BUILT_PRODUCTS_DIR}/Alamofire/Alamofire.framework",
			);
			name = "[CP] Embed Pods Frameworks";
			outputPaths = (
				"${TARGET_BUILD_DIR}/${FRAMEWORKS_FOLDER_PATH}/Alamofire.framework",
			);
			runOnlyForDeploymentPostprocessing = 0;
			shellPath = /bin/sh;
			shellScript = "\"${SRCROOT}/Pods/Target Support Files/Pods-AlamofireDemo/Pods-AlamofireDemo-frameworks.sh\"\n";
			showEnvVarsInLog = 0;
		};
		FEA00614C421BD131D7532A0 /* [CP] Check Pods Manifest.lock */ = {
			isa = PBXShellScriptBuildPhase;
			buildActionMask = 2147483647;
			files = (
			);
			inputPaths = (
				"${PODS_PODFILE_DIR_PATH}/Podfile.lock",
				"${PODS_ROOT}/Manifest.lock",
			);
			name = "[CP] Check Pods Manifest.lock";
			outputPaths = (
				"$(DERIVED_FILE_DIR)/Pods-AlamofireDemo-checkManifestLockResult.txt",
			);
			runOnlyForDeploymentPostprocessing = 0;
			shellPath = /bin/sh;
			shellScript = "diff \"${PODS_PODFILE_DIR_PATH}/Podfile.lock\" \"${PODS_ROOT}/Manifest.lock\" > /dev/null\nif [ $? != 0 ] ; then\n    # print error to STDERR\n    echo \"error: The sandbox is not in sync with the Podfile.lock. Run 'pod install' or update your CocoaPods installation.\" >&2\n    exit 1\nfi\n# This output is used by Xcode 'outputs' to avoid re-running this script phase.\necho \"SUCCESS\" > \"${SCRIPT_OUTPUT_FILE_0}\"\n";
			showEnvVarsInLog = 0;
		};
/* End PBXShellScriptBuildPhase section */

/* Begin PBXSourcesBuildPhase section */
		26408B9F202444BA006B09D2 /* Sources */ = {
			isa = PBXSourcesBuildPhase;
			buildActionMask = 2147483647;
			files = (
				26408BDD202453E6006B09D2 /* AppDelegate.swift in Sources */,
				264FA020223B9301006E5B1B /* FirstVC.swift in Sources */,
				26408BDC202453E6006B09D2 /* ViewController.swift in Sources */,
				264FA01F223B9301006E5B1B /* SecondVC.swift in Sources */,
				26408BDB202453E6006B09D2 /* TableVC.swift in Sources */,
			);
			runOnlyForDeploymentPostprocessing = 0;
		};
		26408BB3202444BA006B09D2 /* Sources */ = {
			isa = PBXSourcesBuildPhase;
			buildActionMask = 2147483647;
			files = (
				26408BBC202444BA006B09D2 /* AlamofireDemoTests.swift in Sources */,
			);
			runOnlyForDeploymentPostprocessing = 0;
		};
		26408BBE202444BA006B09D2 /* Sources */ = {
			isa = PBXSourcesBuildPhase;
			buildActionMask = 2147483647;
			files = (
				26408BC7202444BA006B09D2 /* AlamofireDemoUITests.swift in Sources */,
			);
			runOnlyForDeploymentPostprocessing = 0;
		};
/* End PBXSourcesBuildPhase section */

/* Begin PBXTargetDependency section */
		26408BB9202444BA006B09D2 /* PBXTargetDependency */ = {
			isa = PBXTargetDependency;
			target = 26408BA2202444BA006B09D2 /* AlamofireDemo */;
			targetProxy = 26408BB8202444BA006B09D2 /* PBXContainerItemProxy */;
		};
		26408BC4202444BA006B09D2 /* PBXTargetDependency */ = {
			isa = PBXTargetDependency;
			target = 26408BA2202444BA006B09D2 /* AlamofireDemo */;
			targetProxy = 26408BC3202444BA006B09D2 /* PBXContainerItemProxy */;
		};
/* End PBXTargetDependency section */

/* Begin PBXVariantGroup section */
		26408BAA202444BA006B09D2 /* Main.storyboard */ = {
			isa = PBXVariantGroup;
			children = (
				26408BAB202444BA006B09D2 /* Base */,
			);
			name = Main.storyboard;
			sourceTree = "<group>";
		};
		26408BAF202444BA006B09D2 /* LaunchScreen.storyboard */ = {
			isa = PBXVariantGroup;
			children = (
				26408BB0202444BA006B09D2 /* Base */,
			);
			name = LaunchScreen.storyboard;
			sourceTree = "<group>";
		};
/* End PBXVariantGroup section */

/* Begin XCBuildConfiguration section */
		26408BC9202444BA006B09D2 /* Debug */ = {
			isa = XCBuildConfiguration;
			buildSettings = {
				ALWAYS_SEARCH_USER_PATHS = NO;
				CLANG_ANALYZER_NONNULL = YES;
				CLANG_ANALYZER_NUMBER_OBJECT_CONVERSION = YES_AGGRESSIVE;
				CLANG_CXX_LANGUAGE_STANDARD = "gnu++14";
				CLANG_CXX_LIBRARY = "libc++";
				CLANG_ENABLE_MODULES = YES;
				CLANG_ENABLE_OBJC_ARC = YES;
				CLANG_WARN_BLOCK_CAPTURE_AUTORELEASING = YES;
				CLANG_WARN_BOOL_CONVERSION = YES;
				CLANG_WARN_COMMA = YES;
				CLANG_WARN_CONSTANT_CONVERSION = YES;
				CLANG_WARN_DIRECT_OBJC_ISA_USAGE = YES_ERROR;
				CLANG_WARN_DOCUMENTATION_COMMENTS = YES;
				CLANG_WARN_EMPTY_BODY = YES;
				CLANG_WARN_ENUM_CONVERSION = YES;
				CLANG_WARN_INFINITE_RECURSION = YES;
				CLANG_WARN_INT_CONVERSION = YES;
				CLANG_WARN_NON_LITERAL_NULL_CONVERSION = YES;
				CLANG_WARN_OBJC_LITERAL_CONVERSION = YES;
				CLANG_WARN_OBJC_ROOT_CLASS = YES_ERROR;
				CLANG_WARN_RANGE_LOOP_ANALYSIS = YES;
				CLANG_WARN_STRICT_PROTOTYPES = YES;
				CLANG_WARN_SUSPICIOUS_MOVE = YES;
				CLANG_WARN_UNGUARDED_AVAILABILITY = YES_AGGRESSIVE;
				CLANG_WARN_UNREACHABLE_CODE = YES;
				CLANG_WARN__DUPLICATE_METHOD_MATCH = YES;
				CODE_SIGN_IDENTITY = "iPhone Developer";
				COPY_PHASE_STRIP = NO;
				DEBUG_INFORMATION_FORMAT = dwarf;
				ENABLE_STRICT_OBJC_MSGSEND = YES;
				ENABLE_TESTABILITY = YES;
				GCC_C_LANGUAGE_STANDARD = gnu11;
				GCC_DYNAMIC_NO_PIC = NO;
				GCC_NO_COMMON_BLOCKS = YES;
				GCC_OPTIMIZATION_LEVEL = 0;
				GCC_PREPROCESSOR_DEFINITIONS = (
					"DEBUG=1",
					"$(inherited)",
				);
				GCC_WARN_64_TO_32_BIT_CONVERSION = YES;
				GCC_WARN_ABOUT_RETURN_TYPE = YES_ERROR;
				GCC_WARN_UNDECLARED_SELECTOR = YES;
				GCC_WARN_UNINITIALIZED_AUTOS = YES_AGGRESSIVE;
				GCC_WARN_UNUSED_FUNCTION = YES;
				GCC_WARN_UNUSED_VARIABLE = YES;
				IPHONEOS_DEPLOYMENT_TARGET = 9.0;
				MTL_ENABLE_DEBUG_INFO = YES;
				ONLY_ACTIVE_ARCH = YES;
				SDKROOT = iphoneos;
				SWIFT_ACTIVE_COMPILATION_CONDITIONS = DEBUG;
				SWIFT_OPTIMIZATION_LEVEL = "-Onone";
			};
			name = Debug;
		};
		26408BCA202444BA006B09D2 /* Release */ = {
			isa = XCBuildConfiguration;
			buildSettings = {
				ALWAYS_SEARCH_USER_PATHS = NO;
				CLANG_ANALYZER_NONNULL = YES;
				CLANG_ANALYZER_NUMBER_OBJECT_CONVERSION = YES_AGGRESSIVE;
				CLANG_CXX_LANGUAGE_STANDARD = "gnu++14";
				CLANG_CXX_LIBRARY = "libc++";
				CLANG_ENABLE_MODULES = YES;
				CLANG_ENABLE_OBJC_ARC = YES;
				CLANG_WARN_BLOCK_CAPTURE_AUTORELEASING = YES;
				CLANG_WARN_BOOL_CONVERSION = YES;
				CLANG_WARN_COMMA = YES;
				CLANG_WARN_CONSTANT_CONVERSION = YES;
				CLANG_WARN_DIRECT_OBJC_ISA_USAGE = YES_ERROR;
				CLANG_WARN_DOCUMENTATION_COMMENTS = YES;
				CLANG_WARN_EMPTY_BODY = YES;
				CLANG_WARN_ENUM_CONVERSION = YES;
				CLANG_WARN_INFINITE_RECURSION = YES;
				CLANG_WARN_INT_CONVERSION = YES;
				CLANG_WARN_NON_LITERAL_NULL_CONVERSION = YES;
				CLANG_WARN_OBJC_LITERAL_CONVERSION = YES;
				CLANG_WARN_OBJC_ROOT_CLASS = YES_ERROR;
				CLANG_WARN_RANGE_LOOP_ANALYSIS = YES;
				CLANG_WARN_STRICT_PROTOTYPES = YES;
				CLANG_WARN_SUSPICIOUS_MOVE = YES;
				CLANG_WARN_UNGUARDED_AVAILABILITY = YES_AGGRESSIVE;
				CLANG_WARN_UNREACHABLE_CODE = YES;
				CLANG_WARN__DUPLICATE_METHOD_MATCH = YES;
				CODE_SIGN_IDENTITY = "iPhone Developer";
				COPY_PHASE_STRIP = NO;
				DEBUG_INFORMATION_FORMAT = "dwarf-with-dsym";
				ENABLE_NS_ASSERTIONS = NO;
				ENABLE_STRICT_OBJC_MSGSEND = YES;
				GCC_C_LANGUAGE_STANDARD = gnu11;
				GCC_NO_COMMON_BLOCKS = YES;
				GCC_WARN_64_TO_32_BIT_CONVERSION = YES;
				GCC_WARN_ABOUT_RETURN_TYPE = YES_ERROR;
				GCC_WARN_UNDECLARED_SELECTOR = YES;
				GCC_WARN_UNINITIALIZED_AUTOS = YES_AGGRESSIVE;
				GCC_WARN_UNUSED_FUNCTION = YES;
				GCC_WARN_UNUSED_VARIABLE = YES;
				IPHONEOS_DEPLOYMENT_TARGET = 9.0;
				MTL_ENABLE_DEBUG_INFO = NO;
				SDKROOT = iphoneos;
				SWIFT_OPTIMIZATION_LEVEL = "-Owholemodule";
				VALIDATE_PRODUCT = YES;
			};
			name = Release;
		};
		26408BCC202444BA006B09D2 /* Debug */ = {
			isa = XCBuildConfiguration;
			baseConfigurationReference = DB045B62C8E783ED9B3C1D12 /* Pods-AlamofireDemo.debug.xcconfig */;
			buildSettings = {
				ASSETCATALOG_COMPILER_APPICON_NAME = AppIcon;
				CODE_SIGN_STYLE = Automatic;
				DEVELOPMENT_TEAM = 329C98NCKN;
				INFOPLIST_FILE = AlamofireDemo/Info.plist;
				LD_RUNPATH_SEARCH_PATHS = "$(inherited) @executable_path/Frameworks";
				PRODUCT_BUNDLE_IDENTIFIER = com.dighouse.dighouse;
				PRODUCT_NAME = "$(TARGET_NAME)";
				SWIFT_VERSION = 4.0;
				TARGETED_DEVICE_FAMILY = "1,2";
			};
			name = Debug;
		};
		26408BCD202444BA006B09D2 /* Release */ = {
			isa = XCBuildConfiguration;
			baseConfigurationReference = BBD4449AD66CB661AD2F5F0F /* Pods-AlamofireDemo.release.xcconfig */;
			buildSettings = {
				ASSETCATALOG_COMPILER_APPICON_NAME = AppIcon;
				CODE_SIGN_STYLE = Automatic;
				DEVELOPMENT_TEAM = 329C98NCKN;
				INFOPLIST_FILE = AlamofireDemo/Info.plist;
				LD_RUNPATH_SEARCH_PATHS = "$(inherited) @executable_path/Frameworks";
				PRODUCT_BUNDLE_IDENTIFIER = com.dighouse.dighouse;
				PRODUCT_NAME = "$(TARGET_NAME)";
				SWIFT_VERSION = 4.0;
				TARGETED_DEVICE_FAMILY = "1,2";
			};
			name = Release;
		};
		26408BCF202444BA006B09D2 /* Debug */ = {
			isa = XCBuildConfiguration;
			buildSettings = {
				ALWAYS_EMBED_SWIFT_STANDARD_LIBRARIES = YES;
				BUNDLE_LOADER = "$(TEST_HOST)";
				CODE_SIGN_STYLE = Automatic;
				INFOPLIST_FILE = AlamofireDemoTests/Info.plist;
				LD_RUNPATH_SEARCH_PATHS = "$(inherited) @executable_path/Frameworks @loader_path/Frameworks";
				PRODUCT_BUNDLE_IDENTIFIER = com.ZhiXingJY.www.AlamofireDemoTests;
				PRODUCT_NAME = "$(TARGET_NAME)";
				SWIFT_VERSION = 4.0;
				TARGETED_DEVICE_FAMILY = "1,2";
				TEST_HOST = "$(BUILT_PRODUCTS_DIR)/AlamofireDemo.app/AlamofireDemo";
			};
			name = Debug;
		};
		26408BD0202444BA006B09D2 /* Release */ = {
			isa = XCBuildConfiguration;
			buildSettings = {
				ALWAYS_EMBED_SWIFT_STANDARD_LIBRARIES = YES;
				BUNDLE_LOADER = "$(TEST_HOST)";
				CODE_SIGN_STYLE = Automatic;
				INFOPLIST_FILE = AlamofireDemoTests/Info.plist;
				LD_RUNPATH_SEARCH_PATHS = "$(inherited) @executable_path/Frameworks @loader_path/Frameworks";
				PRODUCT_BUNDLE_IDENTIFIER = com.ZhiXingJY.www.AlamofireDemoTests;
				PRODUCT_NAME = "$(TARGET_NAME)";
				SWIFT_VERSION = 4.0;
				TARGETED_DEVICE_FAMILY = "1,2";
				TEST_HOST = "$(BUILT_PRODUCTS_DIR)/AlamofireDemo.app/AlamofireDemo";
			};
			name = Release;
		};
		26408BD2202444BA006B09D2 /* Debug */ = {
			isa = XCBuildConfiguration;
			buildSettings = {
				ALWAYS_EMBED_SWIFT_STANDARD_LIBRARIES = YES;
				CODE_SIGN_STYLE = Automatic;
				INFOPLIST_FILE = AlamofireDemoUITests/Info.plist;
				LD_RUNPATH_SEARCH_PATHS = "$(inherited) @executable_path/Frameworks @loader_path/Frameworks";
				PRODUCT_BUNDLE_IDENTIFIER = com.ZhiXingJY.www.AlamofireDemoUITests;
				PRODUCT_NAME = "$(TARGET_NAME)";
				SWIFT_VERSION = 4.0;
				TARGETED_DEVICE_FAMILY = "1,2";
				TEST_TARGET_NAME = AlamofireDemo;
			};
			name = Debug;
		};
		26408BD3202444BA006B09D2 /* Release */ = {
			isa = XCBuildConfiguration;
			buildSettings = {
				ALWAYS_EMBED_SWIFT_STANDARD_LIBRARIES = YES;
				CODE_SIGN_STYLE = Automatic;
				INFOPLIST_FILE = AlamofireDemoUITests/Info.plist;
				LD_RUNPATH_SEARCH_PATHS = "$(inherited) @executable_path/Frameworks @loader_path/Frameworks";
				PRODUCT_BUNDLE_IDENTIFIER = com.ZhiXingJY.www.AlamofireDemoUITests;
				PRODUCT_NAME = "$(TARGET_NAME)";
				SWIFT_VERSION = 4.0;
				TARGETED_DEVICE_FAMILY = "1,2";
				TEST_TARGET_NAME = AlamofireDemo;
			};
			name = Release;
		};
/* End XCBuildConfiguration section */

/* Begin XCConfigurationList section */
		26408B9E202444BA006B09D2 /* Build configuration list for PBXProject "AlamofireDemo" */ = {
			isa = XCConfigurationList;
			buildConfigurations = (
				26408BC9202444BA006B09D2 /* Debug */,
				26408BCA202444BA006B09D2 /* Release */,
			);
			defaultConfigurationIsVisible = 0;
			defaultConfigurationName = Release;
		};
		26408BCB202444BA006B09D2 /* Build configuration list for PBXNativeTarget "AlamofireDemo" */ = {
			isa = XCConfigurationList;
			buildConfigurations = (
				26408BCC202444BA006B09D2 /* Debug */,
				26408BCD202444BA006B09D2 /* Release */,
			);
			defaultConfigurationIsVisible = 0;
			defaultConfigurationName = Release;
		};
		26408BCE202444BA006B09D2 /* Build configuration list for PBXNativeTarget "AlamofireDemoTests" */ = {
			isa = XCConfigurationList;
			buildConfigurations = (
				26408BCF202444BA006B09D2 /* Debug */,
				26408BD0202444BA006B09D2 /* Release */,
			);
			defaultConfigurationIsVisible = 0;
			defaultConfigurationName = Release;
		};
		26408BD1202444BA006B09D2 /* Build configuration list for PBXNativeTarget "AlamofireDemoUITests" */ = {
			isa = XCConfigurationList;
			buildConfigurations = (
				26408BD2202444BA006B09D2 /* Debug */,
				26408BD3202444BA006B09D2 /* Release */,
			);
			defaultConfigurationIsVisible = 0;
			defaultConfigurationName = Release;
		};
/* End XCConfigurationList section */
	};
	rootObject = 26408B9B202444BA006B09D2 /* Project object */;
}
